
Microsoft Visual Studio Solution File, Format Version 12.00
# Visual Studio Version 16
VisualStudioVersion = 16.0.34601.136
MinimumVisualStudioVersion = 10.0.40219.1
Project("{FAE04EC0-301F-11D3-BF4B-00C04F79EFBC}") = "WebApplication1", "WebApplication1\WebApplication1.csproj", "{512C1851-0DEA-4B36-863C-D5104A68E671}"
EndProject
Global
	GlobalSection(SolutionConfigurationPlatforms) = preSolution
		Debug|Any CPU = Debug|Any CPU
		Release|Any CPU = Release|Any CPU
	EndGlobalSection
	GlobalSection(ProjectConfigurationPlatforms) = postSolution
		{512C1851-0DEA-4B36-863C-D5104A68E671}.Debug|Any CPU.ActiveCfg = Debug|Any CPU
		{512C1851-0DEA-4B36-863C-D5104A68E671}.Debug|Any CPU.Build.0 = Debug|Any CPU
		{512C1851-0DEA-4B36-863C-D5104A68E671}.Release|Any CPU.ActiveCfg = Release|Any CPU
		{512C1851-0DEA-4B36-863C-D5104A68E671}.Release|Any CPU.Build.0 = Release|Any CPU
	EndGlobalSection
	GlobalSection(SolutionProperties) = preSolution
		HideSolutionNode = FALSE
	EndGlobalSection
	GlobalSection(ExtensibilityGlobals) = postSolution
		SolutionGuid = {4EABAD09-15B0-4823-9F4E-066028400A99}
	EndGlobalSection
EndGlobal
